{
  "object": {
    "pins": [
      {
        "package": "Chronometer",
        "repositoryURL": "https://github.com/KittyMac/Chronometer.git",
        "state": {
          "branch": null,
          "revision": "35289a90ee0bb4a76f8acd647b773aeacf4d8856",
          "version": "0.1.2"
        }
      },
      {
        "package": "Hitch",
        "repositoryURL": "https://github.com/KittyMac/Hitch.git",
        "state": {
          "branch": null,
          "revision": "7d0d5128add81ac17abacb213303cf7366925595",
          "version": "0.2.7"
        }
      },
      {
        "package": "Spanker",
        "repositoryURL": "https://github.com/KittyMac/Spanker.git",
        "state": {
          "branch": null,
          "revision": "f883c21f80f003f8db29c2d45ae7be636fce305a",
          "version": "0.1.17"
        }
      }
    ]
  },
  "version": 1
}
