{
  "object": {
    "pins": [
      {
        "package": "Chronometer",
        "repositoryURL": "https://github.com/KittyMac/Chronometer.git",
        "state": {
          "branch": null,
          "revision": "35289a90ee0bb4a76f8acd647b773aeacf4d8856",
          "version": "0.1.2"
        }
      },
      {
        "package": "Hitch",
        "repositoryURL": "https://github.com/KittyMac/Hitch.git",
        "state": {
          "branch": null,
          "revision": "e5eeff08bd92fb3542a1db9c5d6f11fb0735d1b5",
          "version": "0.3.2"
        }
      },
      {
        "package": "Spanker",
        "repositoryURL": "https://github.com/KittyMac/Spanker.git",
        "state": {
          "branch": null,
          "revision": "f62ee8f69fcab8943733c3aa144c1a63852848b6",
          "version": "0.1.22"
        }
      }
    ]
  },
  "version": 1
}
